
Microsoft Visual Studio Solution File, Format Version 12.00
# Visual Studio Version 17
VisualStudioVersion = 17.14.36109.1
MinimumVisualStudioVersion = 10.0.40219.1
Project("{FAE04EC0-301F-11D3-BF4B-00C04F79EFBC}") = "MarsRobot.Tests", "MarsRobot.Tests\MarsRobot.Tests.csproj", "{7D520C06-E662-4A33-8C9B-3109719EC55B}"
EndProject
Project("{FAE04EC0-301F-11D3-BF4B-00C04F79EFBC}") = "MarsRobot.Api", "MarsRobot.Api\MarsRobot.Api.csproj", "{D71FF55D-A307-4C03-BEEA-CF6093447F9A}"
EndProject
Global
	GlobalSection(SolutionConfigurationPlatforms) = preSolution
		Debug|Any CPU = Debug|Any CPU
		Release|Any CPU = Release|Any CPU
	EndGlobalSection
	GlobalSection(ProjectConfigurationPlatforms) = postSolution
		{7D520C06-E662-4A33-8C9B-3109719EC55B}.Debug|Any CPU.ActiveCfg = Debug|Any CPU
		{7D520C06-E662-4A33-8C9B-3109719EC55B}.Debug|Any CPU.Build.0 = Debug|Any CPU
		{7D520C06-E662-4A33-8C9B-3109719EC55B}.Release|Any CPU.ActiveCfg = Release|Any CPU
		{7D520C06-E662-4A33-8C9B-3109719EC55B}.Release|Any CPU.Build.0 = Release|Any CPU
		{D71FF55D-A307-4C03-BEEA-CF6093447F9A}.Debug|Any CPU.ActiveCfg = Debug|Any CPU
		{D71FF55D-A307-4C03-BEEA-CF6093447F9A}.Debug|Any CPU.Build.0 = Debug|Any CPU
		{D71FF55D-A307-4C03-BEEA-CF6093447F9A}.Release|Any CPU.ActiveCfg = Release|Any CPU
		{D71FF55D-A307-4C03-BEEA-CF6093447F9A}.Release|Any CPU.Build.0 = Release|Any CPU
	EndGlobalSection
	GlobalSection(SolutionProperties) = preSolution
		HideSolutionNode = FALSE
	EndGlobalSection
	GlobalSection(ExtensibilityGlobals) = postSolution
		SolutionGuid = {BD206CC2-C351-467C-B919-AD1E3CBD615F}
	EndGlobalSection
EndGlobal
